// !$*UTF8*$!
{
	archiveVersion = 1;
	classes = {
	};
	objectVersion = 51;
	objects = {

/* Begin PBXBuildFile section */
		22CD41FE26399160007C35FA /* AppDelegate.swift in Sources */ = {isa = PBXBuildFile; fileRef = 22CD41FD26399160007C35FA /* AppDelegate.swift */; };
		22CD420026399160007C35FA /* SceneDelegate.swift in Sources */ = {isa = PBXBuildFile; fileRef = 22CD41FF26399160007C35FA /* SceneDelegate.swift */; };
		22CD420226399160007C35FA /* ViewController.swift in Sources */ = {isa = PBXBuildFile; fileRef = 22CD420126399160007C35FA /* ViewController.swift */; };
		22CD420526399160007C35FA /* Main.storyboard in Resources */ = {isa = PBXBuildFile; fileRef = 22CD420326399160007C35FA /* Main.storyboard */; };
		22CD420726399161007C35FA /* Assets.xcassets in Resources */ = {isa = PBXBuildFile; fileRef = 22CD420626399161007C35FA /* Assets.xcassets */; };
		22CD420A26399161007C35FA /* LaunchScreen.storyboard in Resources */ = {isa = PBXBuildFile; fileRef = 22CD420826399161007C35FA /* LaunchScreen.storyboard */; };
		22CD421526399161007C35FA /* ShoppiAppTests.swift in Sources */ = {isa = PBXBuildFile; fileRef = 22CD421426399161007C35FA /* ShoppiAppTests.swift */; };
		22CD422026399161007C35FA /* ShoppiAppUITests.swift in Sources */ = {isa = PBXBuildFile; fileRef = 22CD421F26399161007C35FA /* ShoppiAppUITests.swift */; };
		22CD423226399175007C35FA /* SPCore.framework in Frameworks */ = {isa = PBXBuildFile; fileRef = 22CD423126399175007C35FA /* SPCore.framework */; };
		22CD423326399175007C35FA /* SPCore.framework in Embed Frameworks */ = {isa = PBXBuildFile; fileRef = 22CD423126399175007C35FA /* SPCore.framework */; settings = {ATTRIBUTES = (CodeSignOnCopy, RemoveHeadersOnCopy, ); }; };
		4CD2EBF4AC72BE7345FDF604 /* Pods_ShoppiApp.framework in Frameworks */ = {isa = PBXBuildFile; fileRef = 2E878B975AB07863BCDA5078 /* Pods_ShoppiApp.framework */; };
/* End PBXBuildFile section */

/* Begin PBXContainerItemProxy section */
		22CD421126399161007C35FA /* PBXContainerItemProxy */ = {
			isa = PBXContainerItemProxy;
			containerPortal = 22CD41F226399160007C35FA /* Project object */;
			proxyType = 1;
			remoteGlobalIDString = 22CD41F926399160007C35FA;
			remoteInfo = ShoppiApp;
		};
		22CD421C26399161007C35FA /* PBXContainerItemProxy */ = {
			isa = PBXContainerItemProxy;
			containerPortal = 22CD41F226399160007C35FA /* Project object */;
			proxyType = 1;
			remoteGlobalIDString = 22CD41F926399160007C35FA;
			remoteInfo = ShoppiApp;
		};
/* End PBXContainerItemProxy section */

/* Begin PBXCopyFilesBuildPhase section */
		22CD423426399175007C35FA /* Embed Frameworks */ = {
			isa = PBXCopyFilesBuildPhase;
			buildActionMask = 2147483647;
			dstPath = "";
			dstSubfolderSpec = 10;
			files = (
				22CD423326399175007C35FA /* SPCore.framework in Embed Frameworks */,
			);
			name = "Embed Frameworks";
			runOnlyForDeploymentPostprocessing = 0;
		};
/* End PBXCopyFilesBuildPhase section */

/* Begin PBXFileReference section */
		042343B06598165246AB5D73 /* Pods-ShoppiApp.release.xcconfig */ = {isa = PBXFileReference; includeInIndex = 1; lastKnownFileType = text.xcconfig; name = "Pods-ShoppiApp.release.xcconfig"; path = "Target Support Files/Pods-ShoppiApp/Pods-ShoppiApp.release.xcconfig"; sourceTree = "<group>"; };
		22CD41FA26399160007C35FA /* ShoppiApp.app */ = {isa = PBXFileReference; explicitFileType = wrapper.application; includeInIndex = 0; path = ShoppiApp.app; sourceTree = BUILT_PRODUCTS_DIR; };
		22CD41FD26399160007C35FA /* AppDelegate.swift */ = {isa = PBXFileReference; lastKnownFileType = sourcecode.swift; path = AppDelegate.swift; sourceTree = "<group>"; };
		22CD41FF26399160007C35FA /* SceneDelegate.swift */ = {isa = PBXFileReference; lastKnownFileType = sourcecode.swift; path = SceneDelegate.swift; sourceTree = "<group>"; };
		22CD420126399160007C35FA /* ViewController.swift */ = {isa = PBXFileReference; lastKnownFileType = sourcecode.swift; path = ViewController.swift; sourceTree = "<group>"; };
		22CD420426399160007C35FA /* Base */ = {isa = PBXFileReference; lastKnownFileType = file.storyboard; name = Base; path = Base.lproj/Main.storyboard; sourceTree = "<group>"; };
		22CD420626399161007C35FA /* Assets.xcassets */ = {isa = PBXFileReference; lastKnownFileType = folder.assetcatalog; path = Assets.xcassets; sourceTree = "<group>"; };
		22CD420926399161007C35FA /* Base */ = {isa = PBXFileReference; lastKnownFileType = file.storyboard; name = Base; path = Base.lproj/LaunchScreen.storyboard; sourceTree = "<group>"; };
		22CD420B26399161007C35FA /* Info.plist */ = {isa = PBXFileReference; lastKnownFileType = text.plist.xml; path = Info.plist; sourceTree = "<group>"; };
		22CD421026399161007C35FA /* ShoppiAppTests.xctest */ = {isa = PBXFileReference; explicitFileType = wrapper.cfbundle; includeInIndex = 0; path = ShoppiAppTests.xctest; sourceTree = BUILT_PRODUCTS_DIR; };
		22CD421426399161007C35FA /* ShoppiAppTests.swift */ = {isa = PBXFileReference; lastKnownFileType = sourcecode.swift; path = ShoppiAppTests.swift; sourceTree = "<group>"; };
		22CD421626399161007C35FA /* Info.plist */ = {isa = PBXFileReference; lastKnownFileType = text.plist.xml; path = Info.plist; sourceTree = "<group>"; };
		22CD421B26399161007C35FA /* ShoppiAppUITests.xctest */ = {isa = PBXFileReference; explicitFileType = wrapper.cfbundle; includeInIndex = 0; path = ShoppiAppUITests.xctest; sourceTree = BUILT_PRODUCTS_DIR; };
		22CD421F26399161007C35FA /* ShoppiAppUITests.swift */ = {isa = PBXFileReference; lastKnownFileType = sourcecode.swift; path = ShoppiAppUITests.swift; sourceTree = "<group>"; };
		22CD422126399161007C35FA /* Info.plist */ = {isa = PBXFileReference; lastKnownFileType = text.plist.xml; path = Info.plist; sourceTree = "<group>"; };
		22CD423126399175007C35FA /* SPCore.framework */ = {isa = PBXFileReference; explicitFileType = wrapper.framework; path = SPCore.framework; sourceTree = BUILT_PRODUCTS_DIR; };
		2E878B975AB07863BCDA5078 /* Pods_ShoppiApp.framework */ = {isa = PBXFileReference; explicitFileType = wrapper.framework; includeInIndex = 0; path = Pods_ShoppiApp.framework; sourceTree = BUILT_PRODUCTS_DIR; };
		5CD819E4A2001A2F0F3FFCCB /* Pods-ShoppiApp.debug.xcconfig */ = {isa = PBXFileReference; includeInIndex = 1; lastKnownFileType = text.xcconfig; name = "Pods-ShoppiApp.debug.xcconfig"; path = "Target Support Files/Pods-ShoppiApp/Pods-ShoppiApp.debug.xcconfig"; sourceTree = "<group>"; };
/* End PBXFileReference section */

/* Begin PBXFrameworksBuildPhase section */
		22CD41F726399160007C35FA /* Frameworks */ = {
			isa = PBXFrameworksBuildPhase;
			buildActionMask = 2147483647;
			files = (
				22CD423226399175007C35FA /* SPCore.framework in Frameworks */,
				4CD2EBF4AC72BE7345FDF604 /* Pods_ShoppiApp.framework in Frameworks */,
			);
			runOnlyForDeploymentPostprocessing = 0;
		};
		22CD420D26399161007C35FA /* Frameworks */ = {
			isa = PBXFrameworksBuildPhase;
			buildActionMask = 2147483647;
			files = (
			);
			runOnlyForDeploymentPostprocessing = 0;
		};
		22CD421826399161007C35FA /* Frameworks */ = {
			isa = PBXFrameworksBuildPhase;
			buildActionMask = 2147483647;
			files = (
			);
			runOnlyForDeploymentPostprocessing = 0;
		};
/* End PBXFrameworksBuildPhase section */

/* Begin PBXGroup section */
		22CD41F126399160007C35FA = {
			isa = PBXGroup;
			children = (
				22CD41FC26399160007C35FA /* ShoppiApp */,
				22CD421326399161007C35FA /* ShoppiAppTests */,
				22CD421E26399161007C35FA /* ShoppiAppUITests */,
				22CD41FB26399160007C35FA /* Products */,
				22CD423026399175007C35FA /* Frameworks */,
				85958DFA0134126DE8235D1D /* Pods */,
			);
			sourceTree = "<group>";
		};
		22CD41FB26399160007C35FA /* Products */ = {
			isa = PBXGroup;
			children = (
				22CD41FA26399160007C35FA /* ShoppiApp.app */,
				22CD421026399161007C35FA /* ShoppiAppTests.xctest */,
				22CD421B26399161007C35FA /* ShoppiAppUITests.xctest */,
			);
			name = Products;
			sourceTree = "<group>";
		};
		22CD41FC26399160007C35FA /* ShoppiApp */ = {
			isa = PBXGroup;
			children = (
				22CD41FD26399160007C35FA /* AppDelegate.swift */,
				22CD41FF26399160007C35FA /* SceneDelegate.swift */,
				22CD420126399160007C35FA /* ViewController.swift */,
				22CD420326399160007C35FA /* Main.storyboard */,
				22CD420626399161007C35FA /* Assets.xcassets */,
				22CD420826399161007C35FA /* LaunchScreen.storyboard */,
				22CD420B26399161007C35FA /* Info.plist */,
			);
			path = ShoppiApp;
			sourceTree = "<group>";
		};
		22CD421326399161007C35FA /* ShoppiAppTests */ = {
			isa = PBXGroup;
			children = (
				22CD421426399161007C35FA /* ShoppiAppTests.swift */,
				22CD421626399161007C35FA /* Info.plist */,
			);
			path = ShoppiAppTests;
			sourceTree = "<group>";
		};
		22CD421E26399161007C35FA /* ShoppiAppUITests */ = {
			isa = PBXGroup;
			children = (
				22CD421F26399161007C35FA /* ShoppiAppUITests.swift */,
				22CD422126399161007C35FA /* Info.plist */,
			);
			path = ShoppiAppUITests;
			sourceTree = "<group>";
		};
		22CD423026399175007C35FA /* Frameworks */ = {
			isa = PBXGroup;
			children = (
				22CD423126399175007C35FA /* SPCore.framework */,
				2E878B975AB07863BCDA5078 /* Pods_ShoppiApp.framework */,
			);
			name = Frameworks;
			sourceTree = "<group>";
		};
		85958DFA0134126DE8235D1D /* Pods */ = {
			isa = PBXGroup;
			children = (
				5CD819E4A2001A2F0F3FFCCB /* Pods-ShoppiApp.debug.xcconfig */,
				042343B06598165246AB5D73 /* Pods-ShoppiApp.release.xcconfig */,
			);
			name = Pods;
			path = ../Pods;
			sourceTree = "<group>";
		};
/* End PBXGroup section */

/* Begin PBXNativeTarget section */
		22CD41F926399160007C35FA /* ShoppiApp */ = {
			isa = PBXNativeTarget;
			buildConfigurationList = 22CD422426399161007C35FA /* Build configuration list for PBXNativeTarget "ShoppiApp" */;
			buildPhases = (
				B4DF286B81F071691E4C9A83 /* [CP] Check Pods Manifest.lock */,
				22CD41F626399160007C35FA /* Sources */,
				22CD41F726399160007C35FA /* Frameworks */,
				22CD41F826399160007C35FA /* Resources */,
				22CD423426399175007C35FA /* Embed Frameworks */,
			);
			buildRules = (
			);
			dependencies = (
			);
			name = ShoppiApp;
			productName = ShoppiApp;
			productReference = 22CD41FA26399160007C35FA /* ShoppiApp.app */;
			productType = "com.apple.product-type.application";
		};
		22CD420F26399161007C35FA /* ShoppiAppTests */ = {
			isa = PBXNativeTarget;
			buildConfigurationList = 22CD422726399161007C35FA /* Build configuration list for PBXNativeTarget "ShoppiAppTests" */;
			buildPhases = (
				22CD420C26399161007C35FA /* Sources */,
				22CD420D26399161007C35FA /* Frameworks */,
				22CD420E26399161007C35FA /* Resources */,
			);
			buildRules = (
			);
			dependencies = (
				22CD421226399161007C35FA /* PBXTargetDependency */,
			);
			name = ShoppiAppTests;
			productName = ShoppiAppTests;
			productReference = 22CD421026399161007C35FA /* ShoppiAppTests.xctest */;
			productType = "com.apple.product-type.bundle.unit-test";
		};
		22CD421A26399161007C35FA /* ShoppiAppUITests */ = {
			isa = PBXNativeTarget;
			buildConfigurationList = 22CD422A26399161007C35FA /* Build configuration list for PBXNativeTarget "ShoppiAppUITests" */;
			buildPhases = (
				22CD421726399161007C35FA /* Sources */,
				22CD421826399161007C35FA /* Frameworks */,
				22CD421926399161007C35FA /* Resources */,
			);
			buildRules = (
			);
			dependencies = (
				22CD421D26399161007C35FA /* PBXTargetDependency */,
			);
			name = ShoppiAppUITests;
			productName = ShoppiAppUITests;
			productReference = 22CD421B26399161007C35FA /* ShoppiAppUITests.xctest */;
			productType = "com.apple.product-type.bundle.ui-testing";
		};
/* End PBXNativeTarget section */

/* Begin PBXProject section */
		22CD41F226399160007C35FA /* Project object */ = {
			isa = PBXProject;
			attributes = {
				LastSwiftUpdateCheck = 1240;
				LastUpgradeCheck = 1240;
				TargetAttributes = {
					22CD41F926399160007C35FA = {
						CreatedOnToolsVersion = 12.4;
					};
					22CD420F26399161007C35FA = {
						CreatedOnToolsVersion = 12.4;
						TestTargetID = 22CD41F926399160007C35FA;
					};
					22CD421A26399161007C35FA = {
						CreatedOnToolsVersion = 12.4;
						TestTargetID = 22CD41F926399160007C35FA;
					};
				};
			};
			buildConfigurationList = 22CD41F526399160007C35FA /* Build configuration list for PBXProject "ShoppiApp" */;
			compatibilityVersion = "Xcode 9.3";
			developmentRegion = en;
			hasScannedForEncodings = 0;
			knownRegions = (
				en,
				Base,
			);
			mainGroup = 22CD41F126399160007C35FA;
			productRefGroup = 22CD41FB26399160007C35FA /* Products */;
			projectDirPath = "";
			projectRoot = "";
			targets = (
				22CD41F926399160007C35FA /* ShoppiApp */,
				22CD420F26399161007C35FA /* ShoppiAppTests */,
				22CD421A26399161007C35FA /* ShoppiAppUITests */,
			);
		};
/* End PBXProject section */

/* Begin PBXResourcesBuildPhase section */
		22CD41F826399160007C35FA /* Resources */ = {
			isa = PBXResourcesBuildPhase;
			buildActionMask = 2147483647;
			files = (
				22CD420A26399161007C35FA /* LaunchScreen.storyboard in Resources */,
				22CD420726399161007C35FA /* Assets.xcassets in Resources */,
				22CD420526399160007C35FA /* Main.storyboard in Resources */,
			);
			runOnlyForDeploymentPostprocessing = 0;
		};
		22CD420E26399161007C35FA /* Resources */ = {
			isa = PBXResourcesBuildPhase;
			buildActionMask = 2147483647;
			files = (
			);
			runOnlyForDeploymentPostprocessing = 0;
		};
		22CD421926399161007C35FA /* Resources */ = {
			isa = PBXResourcesBuildPhase;
			buildActionMask = 2147483647;
			files = (
			);
			runOnlyForDeploymentPostprocessing = 0;
		};
/* End PBXResourcesBuildPhase section */

/* Begin PBXShellScriptBuildPhase section */
		B4DF286B81F071691E4C9A83 /* [CP] Check Pods Manifest.lock */ = {
			isa = PBXShellScriptBuildPhase;
			buildActionMask = 2147483647;
			files = (
			);
			inputFileListPaths = (
			);
			inputPaths = (
				"${PODS_PODFILE_DIR_PATH}/Podfile.lock",
				"${PODS_ROOT}/Manifest.lock",
			);
			name = "[CP] Check Pods Manifest.lock";
			outputFileListPaths = (
			);
			outputPaths = (
				"$(DERIVED_FILE_DIR)/Pods-ShoppiApp-checkManifestLockResult.txt",
			);
			runOnlyForDeploymentPostprocessing = 0;
			shellPath = /bin/sh;
			shellScript = "diff \"${PODS_PODFILE_DIR_PATH}/Podfile.lock\" \"${PODS_ROOT}/Manifest.lock\" > /dev/null\nif [ $? != 0 ] ; then\n    # print error to STDERR\n    echo \"error: The sandbox is not in sync with the Podfile.lock. Run 'pod install' or update your CocoaPods installation.\" >&2\n    exit 1\nfi\n# This output is used by Xcode 'outputs' to avoid re-running this script phase.\necho \"SUCCESS\" > \"${SCRIPT_OUTPUT_FILE_0}\"\n";
			showEnvVarsInLog = 0;
		};
/* End PBXShellScriptBuildPhase section */

/* Begin PBXSourcesBuildPhase section */
		22CD41F626399160007C35FA /* Sources */ = {
			isa = PBXSourcesBuildPhase;
			buildActionMask = 2147483647;
			files = (
				22CD420226399160007C35FA /* ViewController.swift in Sources */,
				22CD41FE26399160007C35FA /* AppDelegate.swift in Sources */,
				22CD420026399160007C35FA /* SceneDelegate.swift in Sources */,
			);
			runOnlyForDeploymentPostprocessing = 0;
		};
		22CD420C26399161007C35FA /* Sources */ = {
			isa = PBXSourcesBuildPhase;
			buildActionMask = 2147483647;
			files = (
				22CD421526399161007C35FA /* ShoppiAppTests.swift in Sources */,
			);
			runOnlyForDeploymentPostprocessing = 0;
		};
		22CD421726399161007C35FA /* Sources */ = {
			isa = PBXSourcesBuildPhase;
			buildActionMask = 2147483647;
			files = (
				22CD422026399161007C35FA /* ShoppiAppUITests.swift in Sources */,
			);
			runOnlyForDeploymentPostprocessing = 0;
		};
/* End PBXSourcesBuildPhase section */

/* Begin PBXTargetDependency section */
		22CD421226399161007C35FA /* PBXTargetDependency */ = {
			isa = PBXTargetDependency;
			target = 22CD41F926399160007C35FA /* ShoppiApp */;
			targetProxy = 22CD421126399161007C35FA /* PBXContainerItemProxy */;
		};
		22CD421D26399161007C35FA /* PBXTargetDependency */ = {
			isa = PBXTargetDependency;
			target = 22CD41F926399160007C35FA /* ShoppiApp */;
			targetProxy = 22CD421C26399161007C35FA /* PBXContainerItemProxy */;
		};
/* End PBXTargetDependency section */

/* Begin PBXVariantGroup section */
		22CD420326399160007C35FA /* Main.storyboard */ = {
			isa = PBXVariantGroup;
			children = (
				22CD420426399160007C35FA /* Base */,
			);
			name = Main.storyboard;
			sourceTree = "<group>";
		};
		22CD420826399161007C35FA /* LaunchScreen.storyboard */ = {
			isa = PBXVariantGroup;
			children = (
				22CD420926399161007C35FA /* Base */,
			);
			name = LaunchScreen.storyboard;
			sourceTree = "<group>";
		};
/* End PBXVariantGroup section */

/* Begin XCBuildConfiguration section */
		22CD422226399161007C35FA /* Debug */ = {
			isa = XCBuildConfiguration;
			buildSettings = {
				ALWAYS_SEARCH_USER_PATHS = NO;
				CLANG_ANALYZER_NONNULL = YES;
				CLANG_ANALYZER_NUMBER_OBJECT_CONVERSION = YES_AGGRESSIVE;
				CLANG_CXX_LANGUAGE_STANDARD = "gnu++14";
				CLANG_CXX_LIBRARY = "libc++";
				CLANG_ENABLE_MODULES = YES;
				CLANG_ENABLE_OBJC_ARC = YES;
				CLANG_ENABLE_OBJC_WEAK = YES;
				CLANG_WARN_BLOCK_CAPTURE_AUTORELEASING = YES;
				CLANG_WARN_BOOL_CONVERSION = YES;
				CLANG_WARN_COMMA = YES;
				CLANG_WARN_CONSTANT_CONVERSION = YES;
				CLANG_WARN_DEPRECATED_OBJC_IMPLEMENTATIONS = YES;
				CLANG_WARN_DIRECT_OBJC_ISA_USAGE = YES_ERROR;
				CLANG_WARN_DOCUMENTATION_COMMENTS = YES;
				CLANG_WARN_EMPTY_BODY = YES;
				CLANG_WARN_ENUM_CONVERSION = YES;
				CLANG_WARN_INFINITE_RECURSION = YES;
				CLANG_WARN_INT_CONVERSION = YES;
				CLANG_WARN_NON_LITERAL_NULL_CONVERSION = YES;
				CLANG_WARN_OBJC_IMPLICIT_RETAIN_SELF = YES;
				CLANG_WARN_OBJC_LITERAL_CONVERSION = YES;
				CLANG_WARN_OBJC_ROOT_CLASS = YES_ERROR;
				CLANG_WARN_QUOTED_INCLUDE_IN_FRAMEWORK_HEADER = YES;
				CLANG_WARN_RANGE_LOOP_ANALYSIS = YES;
				CLANG_WARN_STRICT_PROTOTYPES = YES;
				CLANG_WARN_SUSPICIOUS_MOVE = YES;
				CLANG_WARN_UNGUARDED_AVAILABILITY = YES_AGGRESSIVE;
				CLANG_WARN_UNREACHABLE_CODE = YES;
				CLANG_WARN__DUPLICATE_METHOD_MATCH = YES;
				COPY_PHASE_STRIP = NO;
				DEBUG_INFORMATION_FORMAT = dwarf;
				ENABLE_STRICT_OBJC_MSGSEND = YES;
				ENABLE_TESTABILITY = YES;
				GCC_C_LANGUAGE_STANDARD = gnu11;
				GCC_DYNAMIC_NO_PIC = NO;
				GCC_NO_COMMON_BLOCKS = YES;
				GCC_OPTIMIZATION_LEVEL = 0;
				GCC_PREPROCESSOR_DEFINITIONS = (
					"DEBUG=1",
					"$(inherited)",
				);
				GCC_WARN_64_TO_32_BIT_CONVERSION = YES;
				GCC_WARN_ABOUT_RETURN_TYPE = YES_ERROR;
				GCC_WARN_UNDECLARED_SELECTOR = YES;
				GCC_WARN_UNINITIALIZED_AUTOS = YES_AGGRESSIVE;
				GCC_WARN_UNUSED_FUNCTION = YES;
				GCC_WARN_UNUSED_VARIABLE = YES;
				IPHONEOS_DEPLOYMENT_TARGET = 14.4;
				MTL_ENABLE_DEBUG_INFO = INCLUDE_SOURCE;
				MTL_FAST_MATH = YES;
				ONLY_ACTIVE_ARCH = YES;
				SDKROOT = iphoneos;
				SWIFT_ACTIVE_COMPILATION_CONDITIONS = DEBUG;
				SWIFT_OPTIMIZATION_LEVEL = "-Onone";
			};
			name = Debug;
		};
		22CD422326399161007C35FA /* Release */ = {
			isa = XCBuildConfiguration;
			buildSettings = {
				ALWAYS_SEARCH_USER_PATHS = NO;
				CLANG_ANALYZER_NONNULL = YES;
				CLANG_ANALYZER_NUMBER_OBJECT_CONVERSION = YES_AGGRESSIVE;
				CLANG_CXX_LANGUAGE_STANDARD = "gnu++14";
				CLANG_CXX_LIBRARY = "libc++";
				CLANG_ENABLE_MODULES = YES;
				CLANG_ENABLE_OBJC_ARC = YES;
				CLANG_ENABLE_OBJC_WEAK = YES;
				CLANG_WARN_BLOCK_CAPTURE_AUTORELEASING = YES;
				CLANG_WARN_BOOL_CONVERSION = YES;
				CLANG_WARN_COMMA = YES;
				CLANG_WARN_CONSTANT_CONVERSION = YES;
				CLANG_WARN_DEPRECATED_OBJC_IMPLEMENTATIONS = YES;
				CLANG_WARN_DIRECT_OBJC_ISA_USAGE = YES_ERROR;
				CLANG_WARN_DOCUMENTATION_COMMENTS = YES;
				CLANG_WARN_EMPTY_BODY = YES;
				CLANG_WARN_ENUM_CONVERSION = YES;
				CLANG_WARN_INFINITE_RECURSION = YES;
				CLANG_WARN_INT_CONVERSION = YES;
				CLANG_WARN_NON_LITERAL_NULL_CONVERSION = YES;
				CLANG_WARN_OBJC_IMPLICIT_RETAIN_SELF = YES;
				CLANG_WARN_OBJC_LITERAL_CONVERSION = YES;
				CLANG_WARN_OBJC_ROOT_CLASS = YES_ERROR;
				CLANG_WARN_QUOTED_INCLUDE_IN_FRAMEWORK_HEADER = YES;
				CLANG_WARN_RANGE_LOOP_ANALYSIS = YES;
				CLANG_WARN_STRICT_PROTOTYPES = YES;
				CLANG_WARN_SUSPICIOUS_MOVE = YES;
				CLANG_WARN_UNGUARDED_AVAILABILITY = YES_AGGRESSIVE;
				CLANG_WARN_UNREACHABLE_CODE = YES;
				CLANG_WARN__DUPLICATE_METHOD_MATCH = YES;
				COPY_PHASE_STRIP = NO;
				DEBUG_INFORMATION_FORMAT = "dwarf-with-dsym";
				ENABLE_NS_ASSERTIONS = NO;
				ENABLE_STRICT_OBJC_MSGSEND = YES;
				GCC_C_LANGUAGE_STANDARD = gnu11;
				GCC_NO_COMMON_BLOCKS = YES;
				GCC_WARN_64_TO_32_BIT_CONVERSION = YES;
				GCC_WARN_ABOUT_RETURN_TYPE = YES_ERROR;
				GCC_WARN_UNDECLARED_SELECTOR = YES;
				GCC_WARN_UNINITIALIZED_AUTOS = YES_AGGRESSIVE;
				GCC_WARN_UNUSED_FUNCTION = YES;
				GCC_WARN_UNUSED_VARIABLE = YES;
				IPHONEOS_DEPLOYMENT_TARGET = 14.4;
				MTL_ENABLE_DEBUG_INFO = NO;
				MTL_FAST_MATH = YES;
				SDKROOT = iphoneos;
				SWIFT_COMPILATION_MODE = wholemodule;
				SWIFT_OPTIMIZATION_LEVEL = "-O";
				VALIDATE_PRODUCT = YES;
			};
			name = Release;
		};
		22CD422526399161007C35FA /* Debug */ = {
			isa = XCBuildConfiguration;
			baseConfigurationReference = 5CD819E4A2001A2F0F3FFCCB /* Pods-ShoppiApp.debug.xcconfig */;
			buildSettings = {
				ASSETCATALOG_COMPILER_APPICON_NAME = AppIcon;
				ASSETCATALOG_COMPILER_GLOBAL_ACCENT_COLOR_NAME = AccentColor;
				CODE_SIGN_STYLE = Automatic;
				DEVELOPMENT_TEAM = 27FY64RUCC;
				INFOPLIST_FILE = ShoppiApp/Info.plist;
				LD_RUNPATH_SEARCH_PATHS = (
					"$(inherited)",
					"@executable_path/Frameworks",
				);
				PRODUCT_BUNDLE_IDENTIFIER = me.sorawit.ShoppiApp;
				PRODUCT_NAME = "$(TARGET_NAME)";
				SWIFT_VERSION = 5.0;
				TARGETED_DEVICE_FAMILY = "1,2";
			};
			name = Debug;
		};
		22CD422626399161007C35FA /* Release */ = {
			isa = XCBuildConfiguration;
			baseConfigurationReference = 042343B06598165246AB5D73 /* Pods-ShoppiApp.release.xcconfig */;
			buildSettings = {
				ASSETCATALOG_COMPILER_APPICON_NAME = AppIcon;
				ASSETCATALOG_COMPILER_GLOBAL_ACCENT_COLOR_NAME = AccentColor;
				CODE_SIGN_STYLE = Automatic;
				DEVELOPMENT_TEAM = 27FY64RUCC;
				INFOPLIST_FILE = ShoppiApp/Info.plist;
				LD_RUNPATH_SEARCH_PATHS = (
					"$(inherited)",
					"@executable_path/Frameworks",
				);
				PRODUCT_BUNDLE_IDENTIFIER = me.sorawit.ShoppiApp;
				PRODUCT_NAME = "$(TARGET_NAME)";
				SWIFT_VERSION = 5.0;
				TARGETED_DEVICE_FAMILY = "1,2";
			};
			name = Release;
		};
		22CD422826399161007C35FA /* Debug */ = {
			isa = XCBuildConfiguration;
			buildSettings = {
				ALWAYS_EMBED_SWIFT_STANDARD_LIBRARIES = YES;
				BUNDLE_LOADER = "$(TEST_HOST)";
				CODE_SIGN_STYLE = Automatic;
				DEVELOPMENT_TEAM = 27FY64RUCC;
				INFOPLIST_FILE = ShoppiAppTests/Info.plist;
				IPHONEOS_DEPLOYMENT_TARGET = 14.4;
				LD_RUNPATH_SEARCH_PATHS = (
					"$(inherited)",
					"@executable_path/Frameworks",
					"@loader_path/Frameworks",
				);
				PRODUCT_BUNDLE_IDENTIFIER = me.sorawit.ShoppiAppTests;
				PRODUCT_NAME = "$(TARGET_NAME)";
				SWIFT_VERSION = 5.0;
				TARGETED_DEVICE_FAMILY = "1,2";
				TEST_HOST = "$(BUILT_PRODUCTS_DIR)/ShoppiApp.app/ShoppiApp";
			};
			name = Debug;
		};
		22CD422926399161007C35FA /* Release */ = {
			isa = XCBuildConfiguration;
			buildSettings = {
				ALWAYS_EMBED_SWIFT_STANDARD_LIBRARIES = YES;
				BUNDLE_LOADER = "$(TEST_HOST)";
				CODE_SIGN_STYLE = Automatic;
				DEVELOPMENT_TEAM = 27FY64RUCC;
				INFOPLIST_FILE = ShoppiAppTests/Info.plist;
				IPHONEOS_DEPLOYMENT_TARGET = 14.4;
				LD_RUNPATH_SEARCH_PATHS = (
					"$(inherited)",
					"@executable_path/Frameworks",
					"@loader_path/Frameworks",
				);
				PRODUCT_BUNDLE_IDENTIFIER = me.sorawit.ShoppiAppTests;
				PRODUCT_NAME = "$(TARGET_NAME)";
				SWIFT_VERSION = 5.0;
				TARGETED_DEVICE_FAMILY = "1,2";
				TEST_HOST = "$(BUILT_PRODUCTS_DIR)/ShoppiApp.app/ShoppiApp";
			};
			name = Release;
		};
		22CD422B26399161007C35FA /* Debug */ = {
			isa = XCBuildConfiguration;
			buildSettings = {
				ALWAYS_EMBED_SWIFT_STANDARD_LIBRARIES = YES;
				CODE_SIGN_STYLE = Automatic;
				DEVELOPMENT_TEAM = 27FY64RUCC;
				INFOPLIST_FILE = ShoppiAppUITests/Info.plist;
				LD_RUNPATH_SEARCH_PATHS = (
					"$(inherited)",
					"@executable_path/Frameworks",
					"@loader_path/Frameworks",
				);
				PRODUCT_BUNDLE_IDENTIFIER = me.sorawit.ShoppiAppUITests;
				PRODUCT_NAME = "$(TARGET_NAME)";
				SWIFT_VERSION = 5.0;
				TARGETED_DEVICE_FAMILY = "1,2";
				TEST_TARGET_NAME = ShoppiApp;
			};
			name = Debug;
		};
		22CD422C26399161007C35FA /* Release */ = {
			isa = XCBuildConfiguration;
			buildSettings = {
				ALWAYS_EMBED_SWIFT_STANDARD_LIBRARIES = YES;
				CODE_SIGN_STYLE = Automatic;
				DEVELOPMENT_TEAM = 27FY64RUCC;
				INFOPLIST_FILE = ShoppiAppUITests/Info.plist;
				LD_RUNPATH_SEARCH_PATHS = (
					"$(inherited)",
					"@executable_path/Frameworks",
					"@loader_path/Frameworks",
				);
				PRODUCT_BUNDLE_IDENTIFIER = me.sorawit.ShoppiAppUITests;
				PRODUCT_NAME = "$(TARGET_NAME)";
				SWIFT_VERSION = 5.0;
				TARGETED_DEVICE_FAMILY = "1,2";
				TEST_TARGET_NAME = ShoppiApp;
			};
			name = Release;
		};
/* End XCBuildConfiguration section */

/* Begin XCConfigurationList section */
		22CD41F526399160007C35FA /* Build configuration list for PBXProject "ShoppiApp" */ = {
			isa = XCConfigurationList;
			buildConfigurations = (
				22CD422226399161007C35FA /* Debug */,
				22CD422326399161007C35FA /* Release */,
			);
			defaultConfigurationIsVisible = 0;
			defaultConfigurationName = Release;
		};
		22CD422426399161007C35FA /* Build configuration list for PBXNativeTarget "ShoppiApp" */ = {
			isa = XCConfigurationList;
			buildConfigurations = (
				22CD422526399161007C35FA /* Debug */,
				22CD422626399161007C35FA /* Release */,
			);
			defaultConfigurationIsVisible = 0;
			defaultConfigurationName = Release;
		};
		22CD422726399161007C35FA /* Build configuration list for PBXNativeTarget "ShoppiAppTests" */ = {
			isa = XCConfigurationList;
			buildConfigurations = (
				22CD422826399161007C35FA /* Debug */,
				22CD422926399161007C35FA /* Release */,
			);
			defaultConfigurationIsVisible = 0;
			defaultConfigurationName = Release;
		};
		22CD422A26399161007C35FA /* Build configuration list for PBXNativeTarget "ShoppiAppUITests" */ = {
			isa = XCConfigurationList;
			buildConfigurations = (
				22CD422B26399161007C35FA /* Debug */,
				22CD422C26399161007C35FA /* Release */,
			);
			defaultConfigurationIsVisible = 0;
			defaultConfigurationName = Release;
		};
/* End XCConfigurationList section */
	};
	rootObject = 22CD41F226399160007C35FA /* Project object */;
}
